
Microsoft Visual Studio Solution File, Format Version 12.00
# Visual Studio Version 16
VisualStudioVersion = 16.0.29424.173
MinimumVisualStudioVersion = 10.0.40219.1
Project("{FAE04EC0-301F-11D3-BF4B-00C04F79EFBC}") = "MOD.AuthService", "MOD.AuthService\MOD.AuthService.csproj", "{A90DBF08-C93B-491F-BA1B-A2CAFFBC48DF}"
EndProject
Project("{FAE04EC0-301F-11D3-BF4B-00C04F79EFBC}") = "MOD.AuthLibrary", "MOD.AuthLibrary\MOD.AuthLibrary.csproj", "{6C27C801-0A52-4CF9-A1F0-29536EAE32F0}"
EndProject
Project("{FAE04EC0-301F-11D3-BF4B-00C04F79EFBC}") = "MOD.AdminService", "MOD.AdminService\MOD.AdminService.csproj", "{D51F3065-A495-4453-ACE4-8F0B7CAD216C}"
EndProject
Project("{FAE04EC0-301F-11D3-BF4B-00C04F79EFBC}") = "MOD.AdminLibrary", "MOD.AdminLibrary\MOD.AdminLibrary.csproj", "{3DE6B139-6000-401A-9820-EEFD9AAB68F9}"
EndProject
Global
	GlobalSection(SolutionConfigurationPlatforms) = preSolution
		Debug|Any CPU = Debug|Any CPU
		Release|Any CPU = Release|Any CPU
	EndGlobalSection
	GlobalSection(ProjectConfigurationPlatforms) = postSolution
		{A90DBF08-C93B-491F-BA1B-A2CAFFBC48DF}.Debug|Any CPU.ActiveCfg = Debug|Any CPU
		{A90DBF08-C93B-491F-BA1B-A2CAFFBC48DF}.Debug|Any CPU.Build.0 = Debug|Any CPU
		{A90DBF08-C93B-491F-BA1B-A2CAFFBC48DF}.Release|Any CPU.ActiveCfg = Release|Any CPU
		{A90DBF08-C93B-491F-BA1B-A2CAFFBC48DF}.Release|Any CPU.Build.0 = Release|Any CPU
		{6C27C801-0A52-4CF9-A1F0-29536EAE32F0}.Debug|Any CPU.ActiveCfg = Debug|Any CPU
		{6C27C801-0A52-4CF9-A1F0-29536EAE32F0}.Debug|Any CPU.Build.0 = Debug|Any CPU
		{6C27C801-0A52-4CF9-A1F0-29536EAE32F0}.Release|Any CPU.ActiveCfg = Release|Any CPU
		{6C27C801-0A52-4CF9-A1F0-29536EAE32F0}.Release|Any CPU.Build.0 = Release|Any CPU
		{D51F3065-A495-4453-ACE4-8F0B7CAD216C}.Debug|Any CPU.ActiveCfg = Debug|Any CPU
		{D51F3065-A495-4453-ACE4-8F0B7CAD216C}.Debug|Any CPU.Build.0 = Debug|Any CPU
		{D51F3065-A495-4453-ACE4-8F0B7CAD216C}.Release|Any CPU.ActiveCfg = Release|Any CPU
		{D51F3065-A495-4453-ACE4-8F0B7CAD216C}.Release|Any CPU.Build.0 = Release|Any CPU
		{3DE6B139-6000-401A-9820-EEFD9AAB68F9}.Debug|Any CPU.ActiveCfg = Debug|Any CPU
		{3DE6B139-6000-401A-9820-EEFD9AAB68F9}.Debug|Any CPU.Build.0 = Debug|Any CPU
		{3DE6B139-6000-401A-9820-EEFD9AAB68F9}.Release|Any CPU.ActiveCfg = Release|Any CPU
		{3DE6B139-6000-401A-9820-EEFD9AAB68F9}.Release|Any CPU.Build.0 = Release|Any CPU
	EndGlobalSection
	GlobalSection(SolutionProperties) = preSolution
		HideSolutionNode = FALSE
	EndGlobalSection
	GlobalSection(ExtensibilityGlobals) = postSolution
		SolutionGuid = {EE05D74E-8617-4430-A8C5-41DD342E3EFE}
	EndGlobalSection
EndGlobal
